// !$*UTF8*$!
{
	archiveVersion = 1;
	classes = {
	};
	objectVersion = 48;
	objects = {

/* Begin PBXBuildFile section */
		3F15B4371FD7D707007DC6DE /* LFStorage.swift in Sources */ = {isa = PBXBuildFile; fileRef = 3F15B4361FD7D707007DC6DE /* LFStorage.swift */; };
		3F15B4391FD7E426007DC6DE /* UserViewController.swift in Sources */ = {isa = PBXBuildFile; fileRef = 3F15B4381FD7E426007DC6DE /* UserViewController.swift */; };
		3F18E4771F9757A500B82022 /* AppDelegate.swift in Sources */ = {isa = PBXBuildFile; fileRef = 3F18E4761F9757A500B82022 /* AppDelegate.swift */; };
		3F18E4791F9757A500B82022 /* ViewController.swift in Sources */ = {isa = PBXBuildFile; fileRef = 3F18E4781F9757A500B82022 /* ViewController.swift */; };
		3F18E47C1F9757A500B82022 /* Main.storyboard in Resources */ = {isa = PBXBuildFile; fileRef = 3F18E47A1F9757A500B82022 /* Main.storyboard */; };
		3F18E47F1F9757A500B82022 /* LostAndFound.xcdatamodeld in Sources */ = {isa = PBXBuildFile; fileRef = 3F18E47D1F9757A500B82022 /* LostAndFound.xcdatamodeld */; };
		3F18E4811F9757A500B82022 /* Assets.xcassets in Resources */ = {isa = PBXBuildFile; fileRef = 3F18E4801F9757A500B82022 /* Assets.xcassets */; };
		3F18E4841F9757A500B82022 /* LaunchScreen.storyboard in Resources */ = {isa = PBXBuildFile; fileRef = 3F18E4821F9757A500B82022 /* LaunchScreen.storyboard */; };
		3F18E48E1F97756900B82022 /* LFItemTableViewCell.swift in Sources */ = {isa = PBXBuildFile; fileRef = 3F18E48D1F97756900B82022 /* LFItemTableViewCell.swift */; };
		3F18E4901F97764400B82022 /* LFTableViewController.swift in Sources */ = {isa = PBXBuildFile; fileRef = 3F18E48F1F97764400B82022 /* LFTableViewController.swift */; };
		3F18E4921F977B1900B82022 /* LFItemProtocol.swift in Sources */ = {isa = PBXBuildFile; fileRef = 3F18E4911F977B1900B82022 /* LFItemProtocol.swift */; };
		3F1F18EA1FB2E7EA004FFEF6 /* LFAddItemViewController.swift in Sources */ = {isa = PBXBuildFile; fileRef = 3F1F18E91FB2E7EA004FFEF6 /* LFAddItemViewController.swift */; };
		3F29BC9A1FA0A496004A0A95 /* LFDetailsViewController.swift in Sources */ = {isa = PBXBuildFile; fileRef = 3F29BC991FA0A496004A0A95 /* LFDetailsViewController.swift */; };
		3F35E6F91FD92A9300336EF3 /* GoogleService-Info.plist in Resources */ = {isa = PBXBuildFile; fileRef = 3F35E6F81FD92A9300336EF3 /* GoogleService-Info.plist */; };
		3FE570281FD93D06003E7E30 /* FireWrapper.swift in Sources */ = {isa = PBXBuildFile; fileRef = 3FE570271FD93D05003E7E30 /* FireWrapper.swift */; };
		3FE5702A1FD93D08003E7E30 /* FireAuthWrapper.swift in Sources */ = {isa = PBXBuildFile; fileRef = 3FE570291FD93D08003E7E30 /* FireAuthWrapper.swift */; };
		3FE5702D1FD93D43003E7E30 /* FireDataWrapper.swift in Sources */ = {isa = PBXBuildFile; fileRef = 3FE5702C1FD93D43003E7E30 /* FireDataWrapper.swift */; };
		3FE5702F1FD93D63003E7E30 /* FireDataRepresentable.swift in Sources */ = {isa = PBXBuildFile; fileRef = 3FE5702E1FD93D63003E7E30 /* FireDataRepresentable.swift */; };
		3FE570311FD93DDA003E7E30 /* FirebaseDataDelegate.swift in Sources */ = {isa = PBXBuildFile; fileRef = 3FE570301FD93DDA003E7E30 /* FirebaseDataDelegate.swift */; };
		9A96EDE96C96890D7A85CC5C /* Pods_LostAndFound.framework in Frameworks */ = {isa = PBXBuildFile; fileRef = 055FD0754AB1AC1300549500 /* Pods_LostAndFound.framework */; };
/* End PBXBuildFile section */

/* Begin PBXFileReference section */
		055FD0754AB1AC1300549500 /* Pods_LostAndFound.framework */ = {isa = PBXFileReference; explicitFileType = wrapper.framework; includeInIndex = 0; path = Pods_LostAndFound.framework; sourceTree = BUILT_PRODUCTS_DIR; };
		1C6D402A256439FE29D766FB /* Pods-LostAndFound.release.xcconfig */ = {isa = PBXFileReference; includeInIndex = 1; lastKnownFileType = text.xcconfig; name = "Pods-LostAndFound.release.xcconfig"; path = "Pods/Target Support Files/Pods-LostAndFound/Pods-LostAndFound.release.xcconfig"; sourceTree = "<group>"; };
		3F15B4361FD7D707007DC6DE /* LFStorage.swift */ = {isa = PBXFileReference; lastKnownFileType = sourcecode.swift; path = LFStorage.swift; sourceTree = "<group>"; };
		3F15B4381FD7E426007DC6DE /* UserViewController.swift */ = {isa = PBXFileReference; lastKnownFileType = sourcecode.swift; path = UserViewController.swift; sourceTree = "<group>"; };
		3F18E4731F9757A500B82022 /* LostAndFound.app */ = {isa = PBXFileReference; explicitFileType = wrapper.application; includeInIndex = 0; path = LostAndFound.app; sourceTree = BUILT_PRODUCTS_DIR; };
		3F18E4761F9757A500B82022 /* AppDelegate.swift */ = {isa = PBXFileReference; lastKnownFileType = sourcecode.swift; path = AppDelegate.swift; sourceTree = "<group>"; };
		3F18E4781F9757A500B82022 /* ViewController.swift */ = {isa = PBXFileReference; lastKnownFileType = sourcecode.swift; path = ViewController.swift; sourceTree = "<group>"; };
		3F18E47B1F9757A500B82022 /* Base */ = {isa = PBXFileReference; lastKnownFileType = file.storyboard; name = Base; path = Base.lproj/Main.storyboard; sourceTree = "<group>"; };
		3F18E47E1F9757A500B82022 /* LostAndFound.xcdatamodel */ = {isa = PBXFileReference; lastKnownFileType = wrapper.xcdatamodel; path = LostAndFound.xcdatamodel; sourceTree = "<group>"; };
		3F18E4801F9757A500B82022 /* Assets.xcassets */ = {isa = PBXFileReference; lastKnownFileType = folder.assetcatalog; path = Assets.xcassets; sourceTree = "<group>"; };
		3F18E4831F9757A500B82022 /* Base */ = {isa = PBXFileReference; lastKnownFileType = file.storyboard; name = Base; path = Base.lproj/LaunchScreen.storyboard; sourceTree = "<group>"; };
		3F18E4851F9757A500B82022 /* Info.plist */ = {isa = PBXFileReference; lastKnownFileType = text.plist.xml; path = Info.plist; sourceTree = "<group>"; };
		3F18E48D1F97756900B82022 /* LFItemTableViewCell.swift */ = {isa = PBXFileReference; lastKnownFileType = sourcecode.swift; path = LFItemTableViewCell.swift; sourceTree = "<group>"; };
		3F18E48F1F97764400B82022 /* LFTableViewController.swift */ = {isa = PBXFileReference; lastKnownFileType = sourcecode.swift; path = LFTableViewController.swift; sourceTree = "<group>"; };
		3F18E4911F977B1900B82022 /* LFItemProtocol.swift */ = {isa = PBXFileReference; lastKnownFileType = sourcecode.swift; path = LFItemProtocol.swift; sourceTree = "<group>"; };
		3F1F18E91FB2E7EA004FFEF6 /* LFAddItemViewController.swift */ = {isa = PBXFileReference; lastKnownFileType = sourcecode.swift; path = LFAddItemViewController.swift; sourceTree = "<group>"; };
		3F29BC991FA0A496004A0A95 /* LFDetailsViewController.swift */ = {isa = PBXFileReference; lastKnownFileType = sourcecode.swift; path = LFDetailsViewController.swift; sourceTree = "<group>"; };
		3F35E6F81FD92A9300336EF3 /* GoogleService-Info.plist */ = {isa = PBXFileReference; fileEncoding = 4; lastKnownFileType = text.plist.xml; path = "GoogleService-Info.plist"; sourceTree = "<group>"; };
		3FE570271FD93D05003E7E30 /* FireWrapper.swift */ = {isa = PBXFileReference; lastKnownFileType = sourcecode.swift; path = FireWrapper.swift; sourceTree = "<group>"; };
		3FE570291FD93D08003E7E30 /* FireAuthWrapper.swift */ = {isa = PBXFileReference; lastKnownFileType = sourcecode.swift; path = FireAuthWrapper.swift; sourceTree = "<group>"; };
		3FE5702C1FD93D43003E7E30 /* FireDataWrapper.swift */ = {isa = PBXFileReference; fileEncoding = 4; lastKnownFileType = sourcecode.swift; path = FireDataWrapper.swift; sourceTree = "<group>"; };
		3FE5702E1FD93D63003E7E30 /* FireDataRepresentable.swift */ = {isa = PBXFileReference; fileEncoding = 4; lastKnownFileType = sourcecode.swift; path = FireDataRepresentable.swift; sourceTree = "<group>"; };
		3FE570301FD93DDA003E7E30 /* FirebaseDataDelegate.swift */ = {isa = PBXFileReference; fileEncoding = 4; lastKnownFileType = sourcecode.swift; path = FirebaseDataDelegate.swift; sourceTree = "<group>"; };
		CE43C18067AC0DBEAEB19427 /* Pods-LostAndFound.debug.xcconfig */ = {isa = PBXFileReference; includeInIndex = 1; lastKnownFileType = text.xcconfig; name = "Pods-LostAndFound.debug.xcconfig"; path = "Pods/Target Support Files/Pods-LostAndFound/Pods-LostAndFound.debug.xcconfig"; sourceTree = "<group>"; };
/* End PBXFileReference section */

/* Begin PBXFrameworksBuildPhase section */
		3F18E4701F9757A500B82022 /* Frameworks */ = {
			isa = PBXFrameworksBuildPhase;
			buildActionMask = 2147483647;
			files = (
				9A96EDE96C96890D7A85CC5C /* Pods_LostAndFound.framework in Frameworks */,
			);
			runOnlyForDeploymentPostprocessing = 0;
		};
/* End PBXFrameworksBuildPhase section */

/* Begin PBXGroup section */
		3F18E46A1F9757A500B82022 = {
			isa = PBXGroup;
			children = (
				3F18E4751F9757A500B82022 /* LostAndFound */,
				3F18E4741F9757A500B82022 /* Products */,
				9399354806D03F76F76334E8 /* Pods */,
				D1394615CA9B554A44B0550A /* Frameworks */,
			);
			sourceTree = "<group>";
		};
		3F18E4741F9757A500B82022 /* Products */ = {
			isa = PBXGroup;
			children = (
				3F18E4731F9757A500B82022 /* LostAndFound.app */,
			);
			name = Products;
			sourceTree = "<group>";
		};
		3F18E4751F9757A500B82022 /* LostAndFound */ = {
			isa = PBXGroup;
			children = (
				3FE5702B1FD93D18003E7E30 /* Firebase */,
				3F35E6F81FD92A9300336EF3 /* GoogleService-Info.plist */,
				3F18E4761F9757A500B82022 /* AppDelegate.swift */,
				3F18E4781F9757A500B82022 /* ViewController.swift */,
				3F18E47A1F9757A500B82022 /* Main.storyboard */,
				3F15B4381FD7E426007DC6DE /* UserViewController.swift */,
				3F1F18E91FB2E7EA004FFEF6 /* LFAddItemViewController.swift */,
				3F29BC991FA0A496004A0A95 /* LFDetailsViewController.swift */,
				3F18E48F1F97764400B82022 /* LFTableViewController.swift */,
				3F18E48D1F97756900B82022 /* LFItemTableViewCell.swift */,
				3F18E4911F977B1900B82022 /* LFItemProtocol.swift */,
				3F18E4801F9757A500B82022 /* Assets.xcassets */,
				3F18E4821F9757A500B82022 /* LaunchScreen.storyboard */,
				3F18E4851F9757A500B82022 /* Info.plist */,
				3F18E47D1F9757A500B82022 /* LostAndFound.xcdatamodeld */,
				3F15B4361FD7D707007DC6DE /* LFStorage.swift */,
			);
			path = LostAndFound;
			sourceTree = "<group>";
		};
		3FE5702B1FD93D18003E7E30 /* Firebase */ = {
			isa = PBXGroup;
			children = (
				3FE570301FD93DDA003E7E30 /* FirebaseDataDelegate.swift */,
				3FE5702E1FD93D63003E7E30 /* FireDataRepresentable.swift */,
				3FE5702C1FD93D43003E7E30 /* FireDataWrapper.swift */,
				3FE570271FD93D05003E7E30 /* FireWrapper.swift */,
				3FE570291FD93D08003E7E30 /* FireAuthWrapper.swift */,
			);
			path = Firebase;
			sourceTree = "<group>";
		};
		9399354806D03F76F76334E8 /* Pods */ = {
			isa = PBXGroup;
			children = (
				CE43C18067AC0DBEAEB19427 /* Pods-LostAndFound.debug.xcconfig */,
				1C6D402A256439FE29D766FB /* Pods-LostAndFound.release.xcconfig */,
			);
			name = Pods;
			sourceTree = "<group>";
		};
		D1394615CA9B554A44B0550A /* Frameworks */ = {
			isa = PBXGroup;
			children = (
				055FD0754AB1AC1300549500 /* Pods_LostAndFound.framework */,
			);
			name = Frameworks;
			sourceTree = "<group>";
		};
/* End PBXGroup section */

/* Begin PBXNativeTarget section */
		3F18E4721F9757A500B82022 /* LostAndFound */ = {
			isa = PBXNativeTarget;
			buildConfigurationList = 3F18E4881F9757A500B82022 /* Build configuration list for PBXNativeTarget "LostAndFound" */;
			buildPhases = (
				EF98420A5D8F5ADDF75ED744 /* [CP] Check Pods Manifest.lock */,
				3F18E46F1F9757A500B82022 /* Sources */,
				3F18E4701F9757A500B82022 /* Frameworks */,
				3F18E4711F9757A500B82022 /* Resources */,
				5966A354AA3D4800EF9F2084 /* [CP] Embed Pods Frameworks */,
				888E8ADBAFDE4BBD1B83566D /* [CP] Copy Pods Resources */,
			);
			buildRules = (
			);
			dependencies = (
			);
			name = LostAndFound;
			productName = LostAndFound;
			productReference = 3F18E4731F9757A500B82022 /* LostAndFound.app */;
			productType = "com.apple.product-type.application";
		};
/* End PBXNativeTarget section */

/* Begin PBXProject section */
		3F18E46B1F9757A500B82022 /* Project object */ = {
			isa = PBXProject;
			attributes = {
				LastSwiftUpdateCheck = 0900;
				LastUpgradeCheck = 0900;
				ORGANIZATIONNAME = SYN;
				TargetAttributes = {
					3F18E4721F9757A500B82022 = {
						CreatedOnToolsVersion = 9.0;
						ProvisioningStyle = Automatic;
					};
				};
			};
			buildConfigurationList = 3F18E46E1F9757A500B82022 /* Build configuration list for PBXProject "LostAndFound" */;
			compatibilityVersion = "Xcode 8.0";
			developmentRegion = en;
			hasScannedForEncodings = 0;
			knownRegions = (
				en,
				Base,
			);
			mainGroup = 3F18E46A1F9757A500B82022;
			productRefGroup = 3F18E4741F9757A500B82022 /* Products */;
			projectDirPath = "";
			projectRoot = "";
			targets = (
				3F18E4721F9757A500B82022 /* LostAndFound */,
			);
		};
/* End PBXProject section */

/* Begin PBXResourcesBuildPhase section */
		3F18E4711F9757A500B82022 /* Resources */ = {
			isa = PBXResourcesBuildPhase;
			buildActionMask = 2147483647;
			files = (
				3F18E4841F9757A500B82022 /* LaunchScreen.storyboard in Resources */,
				3F35E6F91FD92A9300336EF3 /* GoogleService-Info.plist in Resources */,
				3F18E4811F9757A500B82022 /* Assets.xcassets in Resources */,
				3F18E47C1F9757A500B82022 /* Main.storyboard in Resources */,
			);
			runOnlyForDeploymentPostprocessing = 0;
		};
/* End PBXResourcesBuildPhase section */

/* Begin PBXShellScriptBuildPhase section */
		5966A354AA3D4800EF9F2084 /* [CP] Embed Pods Frameworks */ = {
			isa = PBXShellScriptBuildPhase;
			buildActionMask = 2147483647;
			files = (
			);
			inputPaths = (
				"${SRCROOT}/Pods/Target Support Files/Pods-LostAndFound/Pods-LostAndFound-frameworks.sh",
				"${BUILT_PRODUCTS_DIR}/Bolts/Bolts.framework",
				"${BUILT_PRODUCTS_DIR}/BoringSSL/openssl.framework",
				"${BUILT_PRODUCTS_DIR}/FBSDKCoreKit/FBSDKCoreKit.framework",
				"${BUILT_PRODUCTS_DIR}/FBSDKLoginKit/FBSDKLoginKit.framework",
				"${BUILT_PRODUCTS_DIR}/GTMOAuth2/GTMOAuth2.framework",
				"${BUILT_PRODUCTS_DIR}/GTMSessionFetcher/GTMSessionFetcher.framework",
				"${BUILT_PRODUCTS_DIR}/GoogleToolboxForMac/GoogleToolboxForMac.framework",
				"${BUILT_PRODUCTS_DIR}/Protobuf/Protobuf.framework",
				"${BUILT_PRODUCTS_DIR}/SDWebImage/SDWebImage.framework",
				"${BUILT_PRODUCTS_DIR}/gRPC/GRPCClient.framework",
				"${BUILT_PRODUCTS_DIR}/gRPC-Core/grpc.framework",
				"${BUILT_PRODUCTS_DIR}/gRPC-ProtoRPC/ProtoRPC.framework",
				"${BUILT_PRODUCTS_DIR}/gRPC-RxLibrary/RxLibrary.framework",
				"${BUILT_PRODUCTS_DIR}/leveldb-library/leveldb.framework",
				"${BUILT_PRODUCTS_DIR}/nanopb/nanopb.framework",
			);
			name = "[CP] Embed Pods Frameworks";
			outputPaths = (
				"${TARGET_BUILD_DIR}/${FRAMEWORKS_FOLDER_PATH}/Bolts.framework",
				"${TARGET_BUILD_DIR}/${FRAMEWORKS_FOLDER_PATH}/openssl.framework",
				"${TARGET_BUILD_DIR}/${FRAMEWORKS_FOLDER_PATH}/FBSDKCoreKit.framework",
				"${TARGET_BUILD_DIR}/${FRAMEWORKS_FOLDER_PATH}/FBSDKLoginKit.framework",
				"${TARGET_BUILD_DIR}/${FRAMEWORKS_FOLDER_PATH}/GTMOAuth2.framework",
				"${TARGET_BUILD_DIR}/${FRAMEWORKS_FOLDER_PATH}/GTMSessionFetcher.framework",
				"${TARGET_BUILD_DIR}/${FRAMEWORKS_FOLDER_PATH}/GoogleToolboxForMac.framework",
				"${TARGET_BUILD_DIR}/${FRAMEWORKS_FOLDER_PATH}/Protobuf.framework",
				"${TARGET_BUILD_DIR}/${FRAMEWORKS_FOLDER_PATH}/SDWebImage.framework",
				"${TARGET_BUILD_DIR}/${FRAMEWORKS_FOLDER_PATH}/GRPCClient.framework",
				"${TARGET_BUILD_DIR}/${FRAMEWORKS_FOLDER_PATH}/grpc.framework",
				"${TARGET_BUILD_DIR}/${FRAMEWORKS_FOLDER_PATH}/ProtoRPC.framework",
				"${TARGET_BUILD_DIR}/${FRAMEWORKS_FOLDER_PATH}/RxLibrary.framework",
				"${TARGET_BUILD_DIR}/${FRAMEWORKS_FOLDER_PATH}/leveldb.framework",
				"${TARGET_BUILD_DIR}/${FRAMEWORKS_FOLDER_PATH}/nanopb.framework",
			);
			runOnlyForDeploymentPostprocessing = 0;
			shellPath = /bin/sh;
			shellScript = "\"${SRCROOT}/Pods/Target Support Files/Pods-LostAndFound/Pods-LostAndFound-frameworks.sh\"\n";
			showEnvVarsInLog = 0;
		};
		888E8ADBAFDE4BBD1B83566D /* [CP] Copy Pods Resources */ = {
			isa = PBXShellScriptBuildPhase;
			buildActionMask = 2147483647;
			files = (
			);
			inputPaths = (
				"${SRCROOT}/Pods/Target Support Files/Pods-LostAndFound/Pods-LostAndFound-resources.sh",
				$PODS_CONFIGURATION_BUILD_DIR/FirebaseUI/FirebaseAuthUI.bundle,
				$PODS_CONFIGURATION_BUILD_DIR/FirebaseUI/FirebaseFacebookAuthUI.bundle,
				$PODS_CONFIGURATION_BUILD_DIR/FirebaseUI/FirebaseGoogleAuthUI.bundle,
				$PODS_CONFIGURATION_BUILD_DIR/FirebaseUI/FirebasePhoneAuthUI.bundle,
				$PODS_CONFIGURATION_BUILD_DIR/FirebaseUI/FirebaseTwitterAuthUI.bundle,
				"${PODS_ROOT}/GoogleSignIn/Resources/GoogleSignIn.bundle",
				"${PODS_ROOT}/TwitterKit/iOS/TwitterKit.framework/TwitterKitResources.bundle",
				"${PODS_ROOT}/TwitterKit/iOS/TwitterKit.framework/TwitterShareExtensionUIResources.bundle",
			);
			name = "[CP] Copy Pods Resources";
			outputPaths = (
				"${TARGET_BUILD_DIR}/${UNLOCALIZED_RESOURCES_FOLDER_PATH}",
			);
			runOnlyForDeploymentPostprocessing = 0;
			shellPath = /bin/sh;
			shellScript = "\"${SRCROOT}/Pods/Target Support Files/Pods-LostAndFound/Pods-LostAndFound-resources.sh\"\n";
			showEnvVarsInLog = 0;
		};
		EF98420A5D8F5ADDF75ED744 /* [CP] Check Pods Manifest.lock */ = {
			isa = PBXShellScriptBuildPhase;
			buildActionMask = 2147483647;
			files = (
			);
			inputPaths = (
				"${PODS_PODFILE_DIR_PATH}/Podfile.lock",
				"${PODS_ROOT}/Manifest.lock",
			);
			name = "[CP] Check Pods Manifest.lock";
			outputPaths = (
				"$(DERIVED_FILE_DIR)/Pods-LostAndFound-checkManifestLockResult.txt",
			);
			runOnlyForDeploymentPostprocessing = 0;
			shellPath = /bin/sh;
			shellScript = "diff \"${PODS_PODFILE_DIR_PATH}/Podfile.lock\" \"${PODS_ROOT}/Manifest.lock\" > /dev/null\nif [ $? != 0 ] ; then\n    # print error to STDERR\n    echo \"error: The sandbox is not in sync with the Podfile.lock. Run 'pod install' or update your CocoaPods installation.\" >&2\n    exit 1\nfi\n# This output is used by Xcode 'outputs' to avoid re-running this script phase.\necho \"SUCCESS\" > \"${SCRIPT_OUTPUT_FILE_0}\"\n";
			showEnvVarsInLog = 0;
		};
/* End PBXShellScriptBuildPhase section */

/* Begin PBXSourcesBuildPhase section */
		3F18E46F1F9757A500B82022 /* Sources */ = {
			isa = PBXSourcesBuildPhase;
			buildActionMask = 2147483647;
			files = (
				3F18E4791F9757A500B82022 /* ViewController.swift in Sources */,
				3F15B4391FD7E426007DC6DE /* UserViewController.swift in Sources */,
				3F1F18EA1FB2E7EA004FFEF6 /* LFAddItemViewController.swift in Sources */,
				3F15B4371FD7D707007DC6DE /* LFStorage.swift in Sources */,
				3FE5702F1FD93D63003E7E30 /* FireDataRepresentable.swift in Sources */,
				3F18E4901F97764400B82022 /* LFTableViewController.swift in Sources */,
				3FE5702A1FD93D08003E7E30 /* FireAuthWrapper.swift in Sources */,
				3F18E47F1F9757A500B82022 /* LostAndFound.xcdatamodeld in Sources */,
				3F18E48E1F97756900B82022 /* LFItemTableViewCell.swift in Sources */,
				3F18E4921F977B1900B82022 /* LFItemProtocol.swift in Sources */,
				3FE570281FD93D06003E7E30 /* FireWrapper.swift in Sources */,
				3FE5702D1FD93D43003E7E30 /* FireDataWrapper.swift in Sources */,
				3FE570311FD93DDA003E7E30 /* FirebaseDataDelegate.swift in Sources */,
				3F18E4771F9757A500B82022 /* AppDelegate.swift in Sources */,
				3F29BC9A1FA0A496004A0A95 /* LFDetailsViewController.swift in Sources */,
			);
			runOnlyForDeploymentPostprocessing = 0;
		};
/* End PBXSourcesBuildPhase section */

/* Begin PBXVariantGroup section */
		3F18E47A1F9757A500B82022 /* Main.storyboard */ = {
			isa = PBXVariantGroup;
			children = (
				3F18E47B1F9757A500B82022 /* Base */,
			);
			name = Main.storyboard;
			sourceTree = "<group>";
		};
		3F18E4821F9757A500B82022 /* LaunchScreen.storyboard */ = {
			isa = PBXVariantGroup;
			children = (
				3F18E4831F9757A500B82022 /* Base */,
			);
			name = LaunchScreen.storyboard;
			sourceTree = "<group>";
		};
/* End PBXVariantGroup section */

/* Begin XCBuildConfiguration section */
		3F18E4861F9757A500B82022 /* Debug */ = {
			isa = XCBuildConfiguration;
			buildSettings = {
				ALWAYS_SEARCH_USER_PATHS = NO;
				CLANG_ANALYZER_NONNULL = YES;
				CLANG_ANALYZER_NUMBER_OBJECT_CONVERSION = YES_AGGRESSIVE;
				CLANG_CXX_LANGUAGE_STANDARD = "gnu++14";
				CLANG_CXX_LIBRARY = "libc++";
				CLANG_ENABLE_MODULES = YES;
				CLANG_ENABLE_OBJC_ARC = YES;
				CLANG_WARN_BLOCK_CAPTURE_AUTORELEASING = YES;
				CLANG_WARN_BOOL_CONVERSION = YES;
				CLANG_WARN_COMMA = YES;
				CLANG_WARN_CONSTANT_CONVERSION = YES;
				CLANG_WARN_DIRECT_OBJC_ISA_USAGE = YES_ERROR;
				CLANG_WARN_DOCUMENTATION_COMMENTS = YES;
				CLANG_WARN_EMPTY_BODY = YES;
				CLANG_WARN_ENUM_CONVERSION = YES;
				CLANG_WARN_INFINITE_RECURSION = YES;
				CLANG_WARN_INT_CONVERSION = YES;
				CLANG_WARN_NON_LITERAL_NULL_CONVERSION = YES;
				CLANG_WARN_OBJC_LITERAL_CONVERSION = YES;
				CLANG_WARN_OBJC_ROOT_CLASS = YES_ERROR;
				CLANG_WARN_RANGE_LOOP_ANALYSIS = YES;
				CLANG_WARN_STRICT_PROTOTYPES = YES;
				CLANG_WARN_SUSPICIOUS_MOVE = YES;
				CLANG_WARN_UNGUARDED_AVAILABILITY = YES_AGGRESSIVE;
				CLANG_WARN_UNREACHABLE_CODE = YES;
				CLANG_WARN__DUPLICATE_METHOD_MATCH = YES;
				CODE_SIGN_IDENTITY = "iPhone Developer";
				COPY_PHASE_STRIP = NO;
				DEBUG_INFORMATION_FORMAT = dwarf;
				ENABLE_STRICT_OBJC_MSGSEND = YES;
				ENABLE_TESTABILITY = YES;
				GCC_C_LANGUAGE_STANDARD = gnu11;
				GCC_DYNAMIC_NO_PIC = NO;
				GCC_NO_COMMON_BLOCKS = YES;
				GCC_OPTIMIZATION_LEVEL = 0;
				GCC_PREPROCESSOR_DEFINITIONS = (
					"DEBUG=1",
					"$(inherited)",
				);
				GCC_WARN_64_TO_32_BIT_CONVERSION = YES;
				GCC_WARN_ABOUT_RETURN_TYPE = YES_ERROR;
				GCC_WARN_UNDECLARED_SELECTOR = YES;
				GCC_WARN_UNINITIALIZED_AUTOS = YES_AGGRESSIVE;
				GCC_WARN_UNUSED_FUNCTION = YES;
				GCC_WARN_UNUSED_VARIABLE = YES;
				IPHONEOS_DEPLOYMENT_TARGET = 11.0;
				MTL_ENABLE_DEBUG_INFO = YES;
				ONLY_ACTIVE_ARCH = YES;
				SDKROOT = iphoneos;
				SWIFT_ACTIVE_COMPILATION_CONDITIONS = DEBUG;
				SWIFT_OPTIMIZATION_LEVEL = "-Onone";
			};
			name = Debug;
		};
		3F18E4871F9757A500B82022 /* Release */ = {
			isa = XCBuildConfiguration;
			buildSettings = {
				ALWAYS_SEARCH_USER_PATHS = NO;
				CLANG_ANALYZER_NONNULL = YES;
				CLANG_ANALYZER_NUMBER_OBJECT_CONVERSION = YES_AGGRESSIVE;
				CLANG_CXX_LANGUAGE_STANDARD = "gnu++14";
				CLANG_CXX_LIBRARY = "libc++";
				CLANG_ENABLE_MODULES = YES;
				CLANG_ENABLE_OBJC_ARC = YES;
				CLANG_WARN_BLOCK_CAPTURE_AUTORELEASING = YES;
				CLANG_WARN_BOOL_CONVERSION = YES;
				CLANG_WARN_COMMA = YES;
				CLANG_WARN_CONSTANT_CONVERSION = YES;
				CLANG_WARN_DIRECT_OBJC_ISA_USAGE = YES_ERROR;
				CLANG_WARN_DOCUMENTATION_COMMENTS = YES;
				CLANG_WARN_EMPTY_BODY = YES;
				CLANG_WARN_ENUM_CONVERSION = YES;
				CLANG_WARN_INFINITE_RECURSION = YES;
				CLANG_WARN_INT_CONVERSION = YES;
				CLANG_WARN_NON_LITERAL_NULL_CONVERSION = YES;
				CLANG_WARN_OBJC_LITERAL_CONVERSION = YES;
				CLANG_WARN_OBJC_ROOT_CLASS = YES_ERROR;
				CLANG_WARN_RANGE_LOOP_ANALYSIS = YES;
				CLANG_WARN_STRICT_PROTOTYPES = YES;
				CLANG_WARN_SUSPICIOUS_MOVE = YES;
				CLANG_WARN_UNGUARDED_AVAILABILITY = YES_AGGRESSIVE;
				CLANG_WARN_UNREACHABLE_CODE = YES;
				CLANG_WARN__DUPLICATE_METHOD_MATCH = YES;
				CODE_SIGN_IDENTITY = "iPhone Developer";
				COPY_PHASE_STRIP = NO;
				DEBUG_INFORMATION_FORMAT = "dwarf-with-dsym";
				ENABLE_NS_ASSERTIONS = NO;
				ENABLE_STRICT_OBJC_MSGSEND = YES;
				GCC_C_LANGUAGE_STANDARD = gnu11;
				GCC_NO_COMMON_BLOCKS = YES;
				GCC_WARN_64_TO_32_BIT_CONVERSION = YES;
				GCC_WARN_ABOUT_RETURN_TYPE = YES_ERROR;
				GCC_WARN_UNDECLARED_SELECTOR = YES;
				GCC_WARN_UNINITIALIZED_AUTOS = YES_AGGRESSIVE;
				GCC_WARN_UNUSED_FUNCTION = YES;
				GCC_WARN_UNUSED_VARIABLE = YES;
				IPHONEOS_DEPLOYMENT_TARGET = 11.0;
				MTL_ENABLE_DEBUG_INFO = NO;
				SDKROOT = iphoneos;
				SWIFT_OPTIMIZATION_LEVEL = "-Owholemodule";
				VALIDATE_PRODUCT = YES;
			};
			name = Release;
		};
		3F18E4891F9757A500B82022 /* Debug */ = {
			isa = XCBuildConfiguration;
			baseConfigurationReference = CE43C18067AC0DBEAEB19427 /* Pods-LostAndFound.debug.xcconfig */;
			buildSettings = {
				ASSETCATALOG_COMPILER_APPICON_NAME = AppIcon;
				CODE_SIGN_STYLE = Automatic;
				INFOPLIST_FILE = LostAndFound/Info.plist;
				LD_RUNPATH_SEARCH_PATHS = "$(inherited) @executable_path/Frameworks";
				PRODUCT_BUNDLE_IDENTIFIER = sfedu.LostAndFound;
				PRODUCT_NAME = "$(TARGET_NAME)";
				SWIFT_VERSION = 4.0;
				TARGETED_DEVICE_FAMILY = "1,2";
			};
			name = Debug;
		};
		3F18E48A1F9757A500B82022 /* Release */ = {
			isa = XCBuildConfiguration;
			baseConfigurationReference = 1C6D402A256439FE29D766FB /* Pods-LostAndFound.release.xcconfig */;
			buildSettings = {
				ASSETCATALOG_COMPILER_APPICON_NAME = AppIcon;
				CODE_SIGN_STYLE = Automatic;
				INFOPLIST_FILE = LostAndFound/Info.plist;
				LD_RUNPATH_SEARCH_PATHS = "$(inherited) @executable_path/Frameworks";
				PRODUCT_BUNDLE_IDENTIFIER = sfedu.LostAndFound;
				PRODUCT_NAME = "$(TARGET_NAME)";
				SWIFT_VERSION = 4.0;
				TARGETED_DEVICE_FAMILY = "1,2";
			};
			name = Release;
		};
/* End XCBuildConfiguration section */

/* Begin XCConfigurationList section */
		3F18E46E1F9757A500B82022 /* Build configuration list for PBXProject "LostAndFound" */ = {
			isa = XCConfigurationList;
			buildConfigurations = (
				3F18E4861F9757A500B82022 /* Debug */,
				3F18E4871F9757A500B82022 /* Release */,
			);
			defaultConfigurationIsVisible = 0;
			defaultConfigurationName = Release;
		};
		3F18E4881F9757A500B82022 /* Build configuration list for PBXNativeTarget "LostAndFound" */ = {
			isa = XCConfigurationList;
			buildConfigurations = (
				3F18E4891F9757A500B82022 /* Debug */,
				3F18E48A1F9757A500B82022 /* Release */,
			);
			defaultConfigurationIsVisible = 0;
			defaultConfigurationName = Release;
		};
/* End XCConfigurationList section */

/* Begin XCVersionGroup section */
		3F18E47D1F9757A500B82022 /* LostAndFound.xcdatamodeld */ = {
			isa = XCVersionGroup;
			children = (
				3F18E47E1F9757A500B82022 /* LostAndFound.xcdatamodel */,
			);
			currentVersion = 3F18E47E1F9757A500B82022 /* LostAndFound.xcdatamodel */;
			path = LostAndFound.xcdatamodeld;
			sourceTree = "<group>";
			versionGroupType = wrapper.xcdatamodel;
		};
/* End XCVersionGroup section */
	};
	rootObject = 3F18E46B1F9757A500B82022 /* Project object */;
}
