// !$*UTF8*$!
{
	archiveVersion = 1;
	classes = {
	};
	objectVersion = 48;
	objects = {

/* Begin PBXBuildFile section */
		3F18E4771F9757A500B82022 /* AppDelegate.swift in Sources */ = {isa = PBXBuildFile; fileRef = 3F18E4761F9757A500B82022 /* AppDelegate.swift */; };
		3F18E4791F9757A500B82022 /* ViewController.swift in Sources */ = {isa = PBXBuildFile; fileRef = 3F18E4781F9757A500B82022 /* ViewController.swift */; };
		3F18E47C1F9757A500B82022 /* Main.storyboard in Resources */ = {isa = PBXBuildFile; fileRef = 3F18E47A1F9757A500B82022 /* Main.storyboard */; };
		3F18E47F1F9757A500B82022 /* LostAndFound.xcdatamodeld in Sources */ = {isa = PBXBuildFile; fileRef = 3F18E47D1F9757A500B82022 /* LostAndFound.xcdatamodeld */; };
		3F18E4811F9757A500B82022 /* Assets.xcassets in Resources */ = {isa = PBXBuildFile; fileRef = 3F18E4801F9757A500B82022 /* Assets.xcassets */; };
		3F18E4841F9757A500B82022 /* LaunchScreen.storyboard in Resources */ = {isa = PBXBuildFile; fileRef = 3F18E4821F9757A500B82022 /* LaunchScreen.storyboard */; };
		3F18E48E1F97756900B82022 /* LFItemTableViewCell.swift in Sources */ = {isa = PBXBuildFile; fileRef = 3F18E48D1F97756900B82022 /* LFItemTableViewCell.swift */; };
		3F18E4901F97764400B82022 /* LFTableViewController.swift in Sources */ = {isa = PBXBuildFile; fileRef = 3F18E48F1F97764400B82022 /* LFTableViewController.swift */; };
		3F18E4921F977B1900B82022 /* LFItemProtocol.swift in Sources */ = {isa = PBXBuildFile; fileRef = 3F18E4911F977B1900B82022 /* LFItemProtocol.swift */; };
		3F29BC9A1FA0A496004A0A95 /* LFDetailsViewController.swift in Sources */ = {isa = PBXBuildFile; fileRef = 3F29BC991FA0A496004A0A95 /* LFDetailsViewController.swift */; };
/* End PBXBuildFile section */

/* Begin PBXFileReference section */
		3F18E4731F9757A500B82022 /* LostAndFound.app */ = {isa = PBXFileReference; explicitFileType = wrapper.application; includeInIndex = 0; path = LostAndFound.app; sourceTree = BUILT_PRODUCTS_DIR; };
		3F18E4761F9757A500B82022 /* AppDelegate.swift */ = {isa = PBXFileReference; lastKnownFileType = sourcecode.swift; path = AppDelegate.swift; sourceTree = "<group>"; };
		3F18E4781F9757A500B82022 /* ViewController.swift */ = {isa = PBXFileReference; lastKnownFileType = sourcecode.swift; path = ViewController.swift; sourceTree = "<group>"; };
		3F18E47B1F9757A500B82022 /* Base */ = {isa = PBXFileReference; lastKnownFileType = file.storyboard; name = Base; path = Base.lproj/Main.storyboard; sourceTree = "<group>"; };
		3F18E47E1F9757A500B82022 /* LostAndFound.xcdatamodel */ = {isa = PBXFileReference; lastKnownFileType = wrapper.xcdatamodel; path = LostAndFound.xcdatamodel; sourceTree = "<group>"; };
		3F18E4801F9757A500B82022 /* Assets.xcassets */ = {isa = PBXFileReference; lastKnownFileType = folder.assetcatalog; path = Assets.xcassets; sourceTree = "<group>"; };
		3F18E4831F9757A500B82022 /* Base */ = {isa = PBXFileReference; lastKnownFileType = file.storyboard; name = Base; path = Base.lproj/LaunchScreen.storyboard; sourceTree = "<group>"; };
		3F18E4851F9757A500B82022 /* Info.plist */ = {isa = PBXFileReference; lastKnownFileType = text.plist.xml; path = Info.plist; sourceTree = "<group>"; };
		3F18E48D1F97756900B82022 /* LFItemTableViewCell.swift */ = {isa = PBXFileReference; lastKnownFileType = sourcecode.swift; path = LFItemTableViewCell.swift; sourceTree = "<group>"; };
		3F18E48F1F97764400B82022 /* LFTableViewController.swift */ = {isa = PBXFileReference; lastKnownFileType = sourcecode.swift; path = LFTableViewController.swift; sourceTree = "<group>"; };
		3F18E4911F977B1900B82022 /* LFItemProtocol.swift */ = {isa = PBXFileReference; lastKnownFileType = sourcecode.swift; path = LFItemProtocol.swift; sourceTree = "<group>"; };
		3F29BC991FA0A496004A0A95 /* LFDetailsViewController.swift */ = {isa = PBXFileReference; lastKnownFileType = sourcecode.swift; path = LFDetailsViewController.swift; sourceTree = "<group>"; };
/* End PBXFileReference section */

/* Begin PBXFrameworksBuildPhase section */
		3F18E4701F9757A500B82022 /* Frameworks */ = {
			isa = PBXFrameworksBuildPhase;
			buildActionMask = 2147483647;
			files = (
			);
			runOnlyForDeploymentPostprocessing = 0;
		};
/* End PBXFrameworksBuildPhase section */

/* Begin PBXGroup section */
		3F18E46A1F9757A500B82022 = {
			isa = PBXGroup;
			children = (
				3F18E4751F9757A500B82022 /* LostAndFound */,
				3F18E4741F9757A500B82022 /* Products */,
			);
			sourceTree = "<group>";
		};
		3F18E4741F9757A500B82022 /* Products */ = {
			isa = PBXGroup;
			children = (
				3F18E4731F9757A500B82022 /* LostAndFound.app */,
			);
			name = Products;
			sourceTree = "<group>";
		};
		3F18E4751F9757A500B82022 /* LostAndFound */ = {
			isa = PBXGroup;
			children = (
				3F18E4761F9757A500B82022 /* AppDelegate.swift */,
				3F18E4781F9757A500B82022 /* ViewController.swift */,
				3F18E47A1F9757A500B82022 /* Main.storyboard */,
				3F29BC991FA0A496004A0A95 /* LFDetailsViewController.swift */,
				3F18E48F1F97764400B82022 /* LFTableViewController.swift */,
				3F18E48D1F97756900B82022 /* LFItemTableViewCell.swift */,
				3F18E4911F977B1900B82022 /* LFItemProtocol.swift */,
				3F18E4801F9757A500B82022 /* Assets.xcassets */,
				3F18E4821F9757A500B82022 /* LaunchScreen.storyboard */,
				3F18E4851F9757A500B82022 /* Info.plist */,
				3F18E47D1F9757A500B82022 /* LostAndFound.xcdatamodeld */,
			);
			path = LostAndFound;
			sourceTree = "<group>";
		};
/* End PBXGroup section */

/* Begin PBXNativeTarget section */
		3F18E4721F9757A500B82022 /* LostAndFound */ = {
			isa = PBXNativeTarget;
			buildConfigurationList = 3F18E4881F9757A500B82022 /* Build configuration list for PBXNativeTarget "LostAndFound" */;
			buildPhases = (
				3F18E46F1F9757A500B82022 /* Sources */,
				3F18E4701F9757A500B82022 /* Frameworks */,
				3F18E4711F9757A500B82022 /* Resources */,
			);
			buildRules = (
			);
			dependencies = (
			);
			name = LostAndFound;
			productName = LostAndFound;
			productReference = 3F18E4731F9757A500B82022 /* LostAndFound.app */;
			productType = "com.apple.product-type.application";
		};
/* End PBXNativeTarget section */

/* Begin PBXProject section */
		3F18E46B1F9757A500B82022 /* Project object */ = {
			isa = PBXProject;
			attributes = {
				LastSwiftUpdateCheck = 0900;
				LastUpgradeCheck = 0900;
				ORGANIZATIONNAME = SYN;
				TargetAttributes = {
					3F18E4721F9757A500B82022 = {
						CreatedOnToolsVersion = 9.0;
						ProvisioningStyle = Automatic;
					};
				};
			};
			buildConfigurationList = 3F18E46E1F9757A500B82022 /* Build configuration list for PBXProject "LostAndFound" */;
			compatibilityVersion = "Xcode 8.0";
			developmentRegion = en;
			hasScannedForEncodings = 0;
			knownRegions = (
				en,
				Base,
			);
			mainGroup = 3F18E46A1F9757A500B82022;
			productRefGroup = 3F18E4741F9757A500B82022 /* Products */;
			projectDirPath = "";
			projectRoot = "";
			targets = (
				3F18E4721F9757A500B82022 /* LostAndFound */,
			);
		};
/* End PBXProject section */

/* Begin PBXResourcesBuildPhase section */
		3F18E4711F9757A500B82022 /* Resources */ = {
			isa = PBXResourcesBuildPhase;
			buildActionMask = 2147483647;
			files = (
				3F18E4841F9757A500B82022 /* LaunchScreen.storyboard in Resources */,
				3F18E4811F9757A500B82022 /* Assets.xcassets in Resources */,
				3F18E47C1F9757A500B82022 /* Main.storyboard in Resources */,
			);
			runOnlyForDeploymentPostprocessing = 0;
		};
/* End PBXResourcesBuildPhase section */

/* Begin PBXSourcesBuildPhase section */
		3F18E46F1F9757A500B82022 /* Sources */ = {
			isa = PBXSourcesBuildPhase;
			buildActionMask = 2147483647;
			files = (
				3F18E4791F9757A500B82022 /* ViewController.swift in Sources */,
				3F18E4901F97764400B82022 /* LFTableViewController.swift in Sources */,
				3F18E47F1F9757A500B82022 /* LostAndFound.xcdatamodeld in Sources */,
				3F18E48E1F97756900B82022 /* LFItemTableViewCell.swift in Sources */,
				3F18E4921F977B1900B82022 /* LFItemProtocol.swift in Sources */,
				3F18E4771F9757A500B82022 /* AppDelegate.swift in Sources */,
				3F29BC9A1FA0A496004A0A95 /* LFDetailsViewController.swift in Sources */,
			);
			runOnlyForDeploymentPostprocessing = 0;
		};
/* End PBXSourcesBuildPhase section */

/* Begin PBXVariantGroup section */
		3F18E47A1F9757A500B82022 /* Main.storyboard */ = {
			isa = PBXVariantGroup;
			children = (
				3F18E47B1F9757A500B82022 /* Base */,
			);
			name = Main.storyboard;
			sourceTree = "<group>";
		};
		3F18E4821F9757A500B82022 /* LaunchScreen.storyboard */ = {
			isa = PBXVariantGroup;
			children = (
				3F18E4831F9757A500B82022 /* Base */,
			);
			name = LaunchScreen.storyboard;
			sourceTree = "<group>";
		};
/* End PBXVariantGroup section */

/* Begin XCBuildConfiguration section */
		3F18E4861F9757A500B82022 /* Debug */ = {
			isa = XCBuildConfiguration;
			buildSettings = {
				ALWAYS_SEARCH_USER_PATHS = NO;
				CLANG_ANALYZER_NONNULL = YES;
				CLANG_ANALYZER_NUMBER_OBJECT_CONVERSION = YES_AGGRESSIVE;
				CLANG_CXX_LANGUAGE_STANDARD = "gnu++14";
				CLANG_CXX_LIBRARY = "libc++";
				CLANG_ENABLE_MODULES = YES;
				CLANG_ENABLE_OBJC_ARC = YES;
				CLANG_WARN_BLOCK_CAPTURE_AUTORELEASING = YES;
				CLANG_WARN_BOOL_CONVERSION = YES;
				CLANG_WARN_COMMA = YES;
				CLANG_WARN_CONSTANT_CONVERSION = YES;
				CLANG_WARN_DIRECT_OBJC_ISA_USAGE = YES_ERROR;
				CLANG_WARN_DOCUMENTATION_COMMENTS = YES;
				CLANG_WARN_EMPTY_BODY = YES;
				CLANG_WARN_ENUM_CONVERSION = YES;
				CLANG_WARN_INFINITE_RECURSION = YES;
				CLANG_WARN_INT_CONVERSION = YES;
				CLANG_WARN_NON_LITERAL_NULL_CONVERSION = YES;
				CLANG_WARN_OBJC_LITERAL_CONVERSION = YES;
				CLANG_WARN_OBJC_ROOT_CLASS = YES_ERROR;
				CLANG_WARN_RANGE_LOOP_ANALYSIS = YES;
				CLANG_WARN_STRICT_PROTOTYPES = YES;
				CLANG_WARN_SUSPICIOUS_MOVE = YES;
				CLANG_WARN_UNGUARDED_AVAILABILITY = YES_AGGRESSIVE;
				CLANG_WARN_UNREACHABLE_CODE = YES;
				CLANG_WARN__DUPLICATE_METHOD_MATCH = YES;
				CODE_SIGN_IDENTITY = "iPhone Developer";
				COPY_PHASE_STRIP = NO;
				DEBUG_INFORMATION_FORMAT = dwarf;
				ENABLE_STRICT_OBJC_MSGSEND = YES;
				ENABLE_TESTABILITY = YES;
				GCC_C_LANGUAGE_STANDARD = gnu11;
				GCC_DYNAMIC_NO_PIC = NO;
				GCC_NO_COMMON_BLOCKS = YES;
				GCC_OPTIMIZATION_LEVEL = 0;
				GCC_PREPROCESSOR_DEFINITIONS = (
					"DEBUG=1",
					"$(inherited)",
				);
				GCC_WARN_64_TO_32_BIT_CONVERSION = YES;
				GCC_WARN_ABOUT_RETURN_TYPE = YES_ERROR;
				GCC_WARN_UNDECLARED_SELECTOR = YES;
				GCC_WARN_UNINITIALIZED_AUTOS = YES_AGGRESSIVE;
				GCC_WARN_UNUSED_FUNCTION = YES;
				GCC_WARN_UNUSED_VARIABLE = YES;
				IPHONEOS_DEPLOYMENT_TARGET = 11.0;
				MTL_ENABLE_DEBUG_INFO = YES;
				ONLY_ACTIVE_ARCH = YES;
				SDKROOT = iphoneos;
				SWIFT_ACTIVE_COMPILATION_CONDITIONS = DEBUG;
				SWIFT_OPTIMIZATION_LEVEL = "-Onone";
			};
			name = Debug;
		};
		3F18E4871F9757A500B82022 /* Release */ = {
			isa = XCBuildConfiguration;
			buildSettings = {
				ALWAYS_SEARCH_USER_PATHS = NO;
				CLANG_ANALYZER_NONNULL = YES;
				CLANG_ANALYZER_NUMBER_OBJECT_CONVERSION = YES_AGGRESSIVE;
				CLANG_CXX_LANGUAGE_STANDARD = "gnu++14";
				CLANG_CXX_LIBRARY = "libc++";
				CLANG_ENABLE_MODULES = YES;
				CLANG_ENABLE_OBJC_ARC = YES;
				CLANG_WARN_BLOCK_CAPTURE_AUTORELEASING = YES;
				CLANG_WARN_BOOL_CONVERSION = YES;
				CLANG_WARN_COMMA = YES;
				CLANG_WARN_CONSTANT_CONVERSION = YES;
				CLANG_WARN_DIRECT_OBJC_ISA_USAGE = YES_ERROR;
				CLANG_WARN_DOCUMENTATION_COMMENTS = YES;
				CLANG_WARN_EMPTY_BODY = YES;
				CLANG_WARN_ENUM_CONVERSION = YES;
				CLANG_WARN_INFINITE_RECURSION = YES;
				CLANG_WARN_INT_CONVERSION = YES;
				CLANG_WARN_NON_LITERAL_NULL_CONVERSION = YES;
				CLANG_WARN_OBJC_LITERAL_CONVERSION = YES;
				CLANG_WARN_OBJC_ROOT_CLASS = YES_ERROR;
				CLANG_WARN_RANGE_LOOP_ANALYSIS = YES;
				CLANG_WARN_STRICT_PROTOTYPES = YES;
				CLANG_WARN_SUSPICIOUS_MOVE = YES;
				CLANG_WARN_UNGUARDED_AVAILABILITY = YES_AGGRESSIVE;
				CLANG_WARN_UNREACHABLE_CODE = YES;
				CLANG_WARN__DUPLICATE_METHOD_MATCH = YES;
				CODE_SIGN_IDENTITY = "iPhone Developer";
				COPY_PHASE_STRIP = NO;
				DEBUG_INFORMATION_FORMAT = "dwarf-with-dsym";
				ENABLE_NS_ASSERTIONS = NO;
				ENABLE_STRICT_OBJC_MSGSEND = YES;
				GCC_C_LANGUAGE_STANDARD = gnu11;
				GCC_NO_COMMON_BLOCKS = YES;
				GCC_WARN_64_TO_32_BIT_CONVERSION = YES;
				GCC_WARN_ABOUT_RETURN_TYPE = YES_ERROR;
				GCC_WARN_UNDECLARED_SELECTOR = YES;
				GCC_WARN_UNINITIALIZED_AUTOS = YES_AGGRESSIVE;
				GCC_WARN_UNUSED_FUNCTION = YES;
				GCC_WARN_UNUSED_VARIABLE = YES;
				IPHONEOS_DEPLOYMENT_TARGET = 11.0;
				MTL_ENABLE_DEBUG_INFO = NO;
				SDKROOT = iphoneos;
				SWIFT_OPTIMIZATION_LEVEL = "-Owholemodule";
				VALIDATE_PRODUCT = YES;
			};
			name = Release;
		};
		3F18E4891F9757A500B82022 /* Debug */ = {
			isa = XCBuildConfiguration;
			buildSettings = {
				ASSETCATALOG_COMPILER_APPICON_NAME = AppIcon;
				CODE_SIGN_STYLE = Automatic;
				INFOPLIST_FILE = LostAndFound/Info.plist;
				LD_RUNPATH_SEARCH_PATHS = "$(inherited) @executable_path/Frameworks";
				PRODUCT_BUNDLE_IDENTIFIER = sfedu.LostAndFound;
				PRODUCT_NAME = "$(TARGET_NAME)";
				SWIFT_VERSION = 4.0;
				TARGETED_DEVICE_FAMILY = "1,2";
			};
			name = Debug;
		};
		3F18E48A1F9757A500B82022 /* Release */ = {
			isa = XCBuildConfiguration;
			buildSettings = {
				ASSETCATALOG_COMPILER_APPICON_NAME = AppIcon;
				CODE_SIGN_STYLE = Automatic;
				INFOPLIST_FILE = LostAndFound/Info.plist;
				LD_RUNPATH_SEARCH_PATHS = "$(inherited) @executable_path/Frameworks";
				PRODUCT_BUNDLE_IDENTIFIER = sfedu.LostAndFound;
				PRODUCT_NAME = "$(TARGET_NAME)";
				SWIFT_VERSION = 4.0;
				TARGETED_DEVICE_FAMILY = "1,2";
			};
			name = Release;
		};
/* End XCBuildConfiguration section */

/* Begin XCConfigurationList section */
		3F18E46E1F9757A500B82022 /* Build configuration list for PBXProject "LostAndFound" */ = {
			isa = XCConfigurationList;
			buildConfigurations = (
				3F18E4861F9757A500B82022 /* Debug */,
				3F18E4871F9757A500B82022 /* Release */,
			);
			defaultConfigurationIsVisible = 0;
			defaultConfigurationName = Release;
		};
		3F18E4881F9757A500B82022 /* Build configuration list for PBXNativeTarget "LostAndFound" */ = {
			isa = XCConfigurationList;
			buildConfigurations = (
				3F18E4891F9757A500B82022 /* Debug */,
				3F18E48A1F9757A500B82022 /* Release */,
			);
			defaultConfigurationIsVisible = 0;
			defaultConfigurationName = Release;
		};
/* End XCConfigurationList section */

/* Begin XCVersionGroup section */
		3F18E47D1F9757A500B82022 /* LostAndFound.xcdatamodeld */ = {
			isa = XCVersionGroup;
			children = (
				3F18E47E1F9757A500B82022 /* LostAndFound.xcdatamodel */,
			);
			currentVersion = 3F18E47E1F9757A500B82022 /* LostAndFound.xcdatamodel */;
			path = LostAndFound.xcdatamodeld;
			sourceTree = "<group>";
			versionGroupType = wrapper.xcdatamodel;
		};
/* End XCVersionGroup section */
	};
	rootObject = 3F18E46B1F9757A500B82022 /* Project object */;
}
